github.com/gorilla/mux v1.7.0 h1:tOSd0UKHQd6urX6ApfOn4XdBMY6Sh1MfxV3kmaazO+U=
github.com/gorilla/mux v1.7.0/go.mod h1:1lud6UwP+6orDFRuTfBEV8e9/aOM/c4fVVCaMa2zaAs=
github.com/johnnadratowski/golang-neo4j-bolt-driver v0.0.0-20181101021923-6b24c0085aae h1:YovtHFY2RXA6muqKixVlJlLBvBNNjiLTYeCYZTn/QDo=
github.com/johnnadratowski/golang-neo4j-bolt-driver v0.0.0-20181101021923-6b24c0085aae/go.mod h1:xwUw3ZE1/D9drQgpluhRs4peTMKm1tQEZ4p7DrpyqwE=
